
Microsoft Visual Studio Solution File, Format Version 12.00
# Visual Studio 15
VisualStudioVersion = 15.0.27428.2005
MinimumVisualStudioVersion = 10.0.40219.1
Project("{8BC9CEB8-8B4A-11D0-8D11-00A0C91BC942}") = "여름방학 1", "여름방학 1\여름방학 1.vcxproj", "{55E1292C-C626-46F8-ACD9-722189CF7B62}"
EndProject
Global
	GlobalSection(SolutionConfigurationPlatforms) = preSolution
		Debug|x64 = Debug|x64
		Debug|x86 = Debug|x86
		Release|x64 = Release|x64
		Release|x86 = Release|x86
	EndGlobalSection
	GlobalSection(ProjectConfigurationPlatforms) = postSolution
		{55E1292C-C626-46F8-ACD9-722189CF7B62}.Debug|x64.ActiveCfg = Debug|x64
		{55E1292C-C626-46F8-ACD9-722189CF7B62}.Debug|x64.Build.0 = Debug|x64
		{55E1292C-C626-46F8-ACD9-722189CF7B62}.Debug|x86.ActiveCfg = Debug|Win32
		{55E1292C-C626-46F8-ACD9-722189CF7B62}.Debug|x86.Build.0 = Debug|Win32
		{55E1292C-C626-46F8-ACD9-722189CF7B62}.Release|x64.ActiveCfg = Release|x64
		{55E1292C-C626-46F8-ACD9-722189CF7B62}.Release|x64.Build.0 = Release|x64
		{55E1292C-C626-46F8-ACD9-722189CF7B62}.Release|x86.ActiveCfg = Release|Win32
		{55E1292C-C626-46F8-ACD9-722189CF7B62}.Release|x86.Build.0 = Release|Win32
	EndGlobalSection
	GlobalSection(SolutionProperties) = preSolution
		HideSolutionNode = FALSE
	EndGlobalSection
	GlobalSection(ExtensibilityGlobals) = postSolution
		SolutionGuid = {4CD43E81-39E5-4058-8345-C4AFF84C7C3C}
	EndGlobalSection
EndGlobal
