
Microsoft Visual Studio Solution File, Format Version 12.00
# Visual Studio 15
VisualStudioVersion = 15.0.27428.2005
MinimumVisualStudioVersion = 10.0.40219.1
Project("{8BC9CEB8-8B4A-11D0-8D11-00A0C91BC942}") = "PGM_2-1", "PGM_2-1.vcxproj", "{1C78865B-D8B8-4D48-8A5A-D489B7D80209}"
EndProject
Global
	GlobalSection(SolutionConfigurationPlatforms) = preSolution
		Debug|x64 = Debug|x64
		Debug|x86 = Debug|x86
		Release|x64 = Release|x64
		Release|x86 = Release|x86
	EndGlobalSection
	GlobalSection(ProjectConfigurationPlatforms) = postSolution
		{1C78865B-D8B8-4D48-8A5A-D489B7D80209}.Debug|x64.ActiveCfg = Debug|x64
		{1C78865B-D8B8-4D48-8A5A-D489B7D80209}.Debug|x64.Build.0 = Debug|x64
		{1C78865B-D8B8-4D48-8A5A-D489B7D80209}.Debug|x86.ActiveCfg = Debug|Win32
		{1C78865B-D8B8-4D48-8A5A-D489B7D80209}.Debug|x86.Build.0 = Debug|Win32
		{1C78865B-D8B8-4D48-8A5A-D489B7D80209}.Release|x64.ActiveCfg = Release|x64
		{1C78865B-D8B8-4D48-8A5A-D489B7D80209}.Release|x64.Build.0 = Release|x64
		{1C78865B-D8B8-4D48-8A5A-D489B7D80209}.Release|x86.ActiveCfg = Release|Win32
		{1C78865B-D8B8-4D48-8A5A-D489B7D80209}.Release|x86.Build.0 = Release|Win32
	EndGlobalSection
	GlobalSection(SolutionProperties) = preSolution
		HideSolutionNode = FALSE
	EndGlobalSection
	GlobalSection(ExtensibilityGlobals) = postSolution
		SolutionGuid = {F4FE5555-FC58-4D89-A634-911FA50AFF19}
	EndGlobalSection
EndGlobal
